
Microsoft Visual Studio Solution File, Format Version 12.00
# Visual Studio Version 16
VisualStudioVersion = 16.0.810.16
MinimumVisualStudioVersion = 10.0.40219.1
Project("{FAE04EC0-301F-11D3-BF4B-00C04F79EFBC}") = "KristaLO", "KristaLO\KristaLO.csproj", "{24C7D16C-5F98-47F3-A630-B2A840598282}"
EndProject
Global
	GlobalSection(SolutionConfigurationPlatforms) = preSolution
		Debug|Any CPU = Debug|Any CPU
		Release|Any CPU = Release|Any CPU
	EndGlobalSection
	GlobalSection(ProjectConfigurationPlatforms) = postSolution
		{24C7D16C-5F98-47F3-A630-B2A840598282}.Debug|Any CPU.ActiveCfg = Debug|Any CPU
		{24C7D16C-5F98-47F3-A630-B2A840598282}.Debug|Any CPU.Build.0 = Debug|Any CPU
		{24C7D16C-5F98-47F3-A630-B2A840598282}.Release|Any CPU.ActiveCfg = Release|Any CPU
		{24C7D16C-5F98-47F3-A630-B2A840598282}.Release|Any CPU.Build.0 = Release|Any CPU
	EndGlobalSection
	GlobalSection(SolutionProperties) = preSolution
		HideSolutionNode = FALSE
	EndGlobalSection
	GlobalSection(ExtensibilityGlobals) = postSolution
		SolutionGuid = {59AAC59F-6144-4B85-86F1-A31ADE3C9209}
	EndGlobalSection
EndGlobal
